
Microsoft Visual Studio Solution File, Format Version 11.00
# Visual Studio 2010
Project("{FAE04EC0-301F-11D3-BF4B-00C04F79EFBC}") = "Assembly-CSharp", "Assembly-CSharp.csproj", "{ef21beb1-2179-cd49-2812-2a757662fef6}"
EndProject
Global
	GlobalSection(SolutionConfigurationPlatforms) = preSolution
		Debug|Any CPU = Debug|Any CPU
		Release|Any CPU = Release|Any CPU
	EndGlobalSection
	GlobalSection(ProjectConfigurationPlatforms) = postSolution
		{ef21beb1-2179-cd49-2812-2a757662fef6}.Debug|Any CPU.ActiveCfg = Debug|Any CPU
		{ef21beb1-2179-cd49-2812-2a757662fef6}.Debug|Any CPU.Build.0 = Debug|Any CPU
		{ef21beb1-2179-cd49-2812-2a757662fef6}.Release|Any CPU.ActiveCfg = Release|Any CPU
		{ef21beb1-2179-cd49-2812-2a757662fef6}.Release|Any CPU.Build.0 = Release|Any CPU
	EndGlobalSection
	GlobalSection(SolutionProperties) = preSolution
		HideSolutionNode = FALSE
	EndGlobalSection
EndGlobal
